
Microsoft Visual Studio Solution File, Format Version 12.00
# Visual Studio Version 17
VisualStudioVersion = 17.3.32804.467
MinimumVisualStudioVersion = 10.0.40219.1
Project("{9A19103F-16F7-4668-BE54-9A1E7A4F7556}") = "WelcomeExtended", "WelcomeExtended\WelcomeExtended.csproj", "{E8179A90-C30A-4D91-85F6-4E34378C4DA0}"
EndProject
Project("{9A19103F-16F7-4668-BE54-9A1E7A4F7556}") = "DataLayer", "DataLayer\DataLayer.csproj", "{830BA2E4-A454-4D97-A8F0-42A58D979792}"
EndProject
Project("{9A19103F-16F7-4668-BE54-9A1E7A4F7556}") = "Welcome", "Welcome\Welcome.csproj", "{9468C971-578A-4EB4-A3C7-B56165F9CFF9}"
EndProject
Project("{9A19103F-16F7-4668-BE54-9A1E7A4F7556}") = "UI", "UI\UI.csproj", "{FC103649-0476-47D3-A703-C0B9DB6F41CD}"
EndProject
Project("{FAE04EC0-301F-11D3-BF4B-00C04F79EFBC}") = "WpfExample", "WpfExample\WpfExample.csproj", "{783880CF-2867-43A4-96B2-161853986667}"
EndProject
Global
	GlobalSection(SolutionConfigurationPlatforms) = preSolution
		Debug|Any CPU = Debug|Any CPU
		Release|Any CPU = Release|Any CPU
	EndGlobalSection
	GlobalSection(ProjectConfigurationPlatforms) = postSolution
		{E8179A90-C30A-4D91-85F6-4E34378C4DA0}.Debug|Any CPU.ActiveCfg = Debug|Any CPU
		{E8179A90-C30A-4D91-85F6-4E34378C4DA0}.Debug|Any CPU.Build.0 = Debug|Any CPU
		{E8179A90-C30A-4D91-85F6-4E34378C4DA0}.Release|Any CPU.ActiveCfg = Release|Any CPU
		{E8179A90-C30A-4D91-85F6-4E34378C4DA0}.Release|Any CPU.Build.0 = Release|Any CPU
		{830BA2E4-A454-4D97-A8F0-42A58D979792}.Debug|Any CPU.ActiveCfg = Debug|Any CPU
		{830BA2E4-A454-4D97-A8F0-42A58D979792}.Debug|Any CPU.Build.0 = Debug|Any CPU
		{830BA2E4-A454-4D97-A8F0-42A58D979792}.Release|Any CPU.ActiveCfg = Release|Any CPU
		{830BA2E4-A454-4D97-A8F0-42A58D979792}.Release|Any CPU.Build.0 = Release|Any CPU
		{9468C971-578A-4EB4-A3C7-B56165F9CFF9}.Debug|Any CPU.ActiveCfg = Debug|Any CPU
		{9468C971-578A-4EB4-A3C7-B56165F9CFF9}.Debug|Any CPU.Build.0 = Debug|Any CPU
		{9468C971-578A-4EB4-A3C7-B56165F9CFF9}.Release|Any CPU.ActiveCfg = Release|Any CPU
		{9468C971-578A-4EB4-A3C7-B56165F9CFF9}.Release|Any CPU.Build.0 = Release|Any CPU
		{FC103649-0476-47D3-A703-C0B9DB6F41CD}.Debug|Any CPU.ActiveCfg = Debug|Any CPU
		{FC103649-0476-47D3-A703-C0B9DB6F41CD}.Debug|Any CPU.Build.0 = Debug|Any CPU
		{FC103649-0476-47D3-A703-C0B9DB6F41CD}.Release|Any CPU.ActiveCfg = Release|Any CPU
		{FC103649-0476-47D3-A703-C0B9DB6F41CD}.Release|Any CPU.Build.0 = Release|Any CPU
		{783880CF-2867-43A4-96B2-161853986667}.Debug|Any CPU.ActiveCfg = Debug|Any CPU
		{783880CF-2867-43A4-96B2-161853986667}.Debug|Any CPU.Build.0 = Debug|Any CPU
		{783880CF-2867-43A4-96B2-161853986667}.Release|Any CPU.ActiveCfg = Release|Any CPU
		{783880CF-2867-43A4-96B2-161853986667}.Release|Any CPU.Build.0 = Release|Any CPU
	EndGlobalSection
	GlobalSection(SolutionProperties) = preSolution
		HideSolutionNode = FALSE
	EndGlobalSection
	GlobalSection(ExtensibilityGlobals) = postSolution
		SolutionGuid = {7A4ACC56-87C0-48E1-8E01-9E453CB8D7F0}
	EndGlobalSection
EndGlobal
